
Microsoft Visual Studio Solution File, Format Version 12.00
# Visual Studio 15
VisualStudioVersion = 15.0.28307.852
MinimumVisualStudioVersion = 10.0.40219.1
Project("{8BC9CEB8-8B4A-11D0-8D11-00A0C91BC942}") = "SFMLworm", "SFMLworm\SFMLworm.vcxproj", "{AED45EBF-46AA-492F-AF8A-DCACE76DF861}"
EndProject
Global
	GlobalSection(SolutionConfigurationPlatforms) = preSolution
		Debug|x64 = Debug|x64
		Debug|x86 = Debug|x86
		Release|x64 = Release|x64
		Release|x86 = Release|x86
	EndGlobalSection
	GlobalSection(ProjectConfigurationPlatforms) = postSolution
		{AED45EBF-46AA-492F-AF8A-DCACE76DF861}.Debug|x64.ActiveCfg = Debug|x64
		{AED45EBF-46AA-492F-AF8A-DCACE76DF861}.Debug|x64.Build.0 = Debug|x64
		{AED45EBF-46AA-492F-AF8A-DCACE76DF861}.Debug|x86.ActiveCfg = Debug|Win32
		{AED45EBF-46AA-492F-AF8A-DCACE76DF861}.Debug|x86.Build.0 = Debug|Win32
		{AED45EBF-46AA-492F-AF8A-DCACE76DF861}.Release|x64.ActiveCfg = Release|x64
		{AED45EBF-46AA-492F-AF8A-DCACE76DF861}.Release|x64.Build.0 = Release|x64
		{AED45EBF-46AA-492F-AF8A-DCACE76DF861}.Release|x86.ActiveCfg = Release|Win32
		{AED45EBF-46AA-492F-AF8A-DCACE76DF861}.Release|x86.Build.0 = Release|Win32
	EndGlobalSection
	GlobalSection(SolutionProperties) = preSolution
		HideSolutionNode = FALSE
	EndGlobalSection
	GlobalSection(ExtensibilityGlobals) = postSolution
		SolutionGuid = {A21C6D2B-60B8-43D7-9BB1-7EFB7EEC167F}
	EndGlobalSection
EndGlobal
